
Microsoft Visual Studio Solution File, Format Version 12.00
# Visual Studio Version 17
VisualStudioVersion = 17.14.36603.0
MinimumVisualStudioVersion = 10.0.40219.1
Project("{D2ABAB84-BF74-430A-B69E-9DC6D40DDA17}") = "CasinoAnalysisServices", "CasinoAnalysisServices\CasinoAnalysisServices.dwproj", "{4328863B-98CC-F877-C885-5DE6CDCA5038}"
EndProject
Project("{C9674DCB-5085-4A16-B785-4C70DD1589BD}") = "CasinoETL", "CasinoETL\CasinoETL.dtproj", "{1A4BC206-ECDA-4F13-38C4-FEDB63B86797}"
EndProject
Global
	GlobalSection(SolutionConfigurationPlatforms) = preSolution
		Development|Default = Development|Default
	EndGlobalSection
	GlobalSection(ProjectConfigurationPlatforms) = postSolution
		{4328863B-98CC-F877-C885-5DE6CDCA5038}.Development|Default.ActiveCfg = Development
		{4328863B-98CC-F877-C885-5DE6CDCA5038}.Development|Default.Build.0 = Development
		{4328863B-98CC-F877-C885-5DE6CDCA5038}.Development|Default.Deploy.0 = Development
		{1A4BC206-ECDA-4F13-38C4-FEDB63B86797}.Development|Default.ActiveCfg = Development
		{1A4BC206-ECDA-4F13-38C4-FEDB63B86797}.Development|Default.Build.0 = Development
	EndGlobalSection
	GlobalSection(SolutionProperties) = preSolution
		HideSolutionNode = FALSE
	EndGlobalSection
	GlobalSection(ExtensibilityGlobals) = postSolution
		SolutionGuid = {9E263208-21A2-4B2C-8482-D99524E16707}
	EndGlobalSection
EndGlobal
